// !$*UTF8*$!
{
	archiveVersion = 1;
	classes = {
	};
	objectVersion = 50;
	objects = {

/* Begin PBXBuildFile section */
		073C03FB233ECD8000E367BD /* PaymentsViewController.swift in Sources */ = {isa = PBXBuildFile; fileRef = 073C03FA233ECD8000E367BD /* PaymentsViewController.swift */; };
		073C03FD233ED0A700E367BD /* PaymentsTableViewCell.swift in Sources */ = {isa = PBXBuildFile; fileRef = 073C03FC233ED0A700E367BD /* PaymentsTableViewCell.swift */; };
		075EB686232BFE4D00F3D055 /* AppDelegate.swift in Sources */ = {isa = PBXBuildFile; fileRef = 075EB685232BFE4D00F3D055 /* AppDelegate.swift */; };
		075EB68B232BFE4D00F3D055 /* Main.storyboard in Resources */ = {isa = PBXBuildFile; fileRef = 075EB689232BFE4D00F3D055 /* Main.storyboard */; };
		075EB68D232BFE4E00F3D055 /* Assets.xcassets in Resources */ = {isa = PBXBuildFile; fileRef = 075EB68C232BFE4E00F3D055 /* Assets.xcassets */; };
		075EB690232BFE4E00F3D055 /* LaunchScreen.storyboard in Resources */ = {isa = PBXBuildFile; fileRef = 075EB68E232BFE4E00F3D055 /* LaunchScreen.storyboard */; };
		075EB69A232BFE8D00F3D055 /* Peliculas.swift in Sources */ = {isa = PBXBuildFile; fileRef = 075EB697232BFE8D00F3D055 /* Peliculas.swift */; };
		075EB69B232BFE8D00F3D055 /* PelsCollectionViewCell.swift in Sources */ = {isa = PBXBuildFile; fileRef = 075EB698232BFE8D00F3D055 /* PelsCollectionViewCell.swift */; };
		075EB69E232C047200F3D055 /* SecondViewController.swift in Sources */ = {isa = PBXBuildFile; fileRef = 075EB69D232C047200F3D055 /* SecondViewController.swift */; };
		075EB6A0232C133700F3D055 /* ThirdViewController.swift in Sources */ = {isa = PBXBuildFile; fileRef = 075EB69F232C133700F3D055 /* ThirdViewController.swift */; };
		075EB6A2232C135200F3D055 /* HorarioTableViewCell.swift in Sources */ = {isa = PBXBuildFile; fileRef = 075EB6A1232C135200F3D055 /* HorarioTableViewCell.swift */; };
		075EB6A4232C1A9F00F3D055 /* FourthViewController.swift in Sources */ = {isa = PBXBuildFile; fileRef = 075EB6A3232C1A9F00F3D055 /* FourthViewController.swift */; };
		077F4A74233DA53400680445 /* CartViewController.swift in Sources */ = {isa = PBXBuildFile; fileRef = 077F4A73233DA53400680445 /* CartViewController.swift */; };
		077F4A76233DA82900680445 /* BoletosComprados.swift in Sources */ = {isa = PBXBuildFile; fileRef = 077F4A75233DA82900680445 /* BoletosComprados.swift */; };
		077F4A78233DAFA800680445 /* CartTableViewCell.swift in Sources */ = {isa = PBXBuildFile; fileRef = 077F4A77233DAFA800680445 /* CartTableViewCell.swift */; };
		077F4A7A233DE2EC00680445 /* ShoppingCart.swift in Sources */ = {isa = PBXBuildFile; fileRef = 077F4A79233DE2EC00680445 /* ShoppingCart.swift */; };
		07950BA12334A6D600F30BB8 /* Funciones.swift in Sources */ = {isa = PBXBuildFile; fileRef = 07950BA02334A6D600F30BB8 /* Funciones.swift */; };
		BCD9377A2332CA1E0032C53D /* ViewController.swift in Sources */ = {isa = PBXBuildFile; fileRef = BCD937792332CA1E0032C53D /* ViewController.swift */; };
/* End PBXBuildFile section */

/* Begin PBXFileReference section */
		073C03FA233ECD8000E367BD /* PaymentsViewController.swift */ = {isa = PBXFileReference; lastKnownFileType = sourcecode.swift; path = PaymentsViewController.swift; sourceTree = "<group>"; };
		073C03FC233ED0A700E367BD /* PaymentsTableViewCell.swift */ = {isa = PBXFileReference; lastKnownFileType = sourcecode.swift; path = PaymentsTableViewCell.swift; sourceTree = "<group>"; };
		075EB682232BFE4D00F3D055 /* Cartelera.app */ = {isa = PBXFileReference; explicitFileType = wrapper.application; includeInIndex = 0; path = Cartelera.app; sourceTree = BUILT_PRODUCTS_DIR; };
		075EB685232BFE4D00F3D055 /* AppDelegate.swift */ = {isa = PBXFileReference; lastKnownFileType = sourcecode.swift; path = AppDelegate.swift; sourceTree = "<group>"; };
		075EB68A232BFE4D00F3D055 /* Base */ = {isa = PBXFileReference; lastKnownFileType = file.storyboard; name = Base; path = Base.lproj/Main.storyboard; sourceTree = "<group>"; };
		075EB68C232BFE4E00F3D055 /* Assets.xcassets */ = {isa = PBXFileReference; lastKnownFileType = folder.assetcatalog; path = Assets.xcassets; sourceTree = "<group>"; };
		075EB68F232BFE4E00F3D055 /* Base */ = {isa = PBXFileReference; lastKnownFileType = file.storyboard; name = Base; path = Base.lproj/LaunchScreen.storyboard; sourceTree = "<group>"; };
		075EB691232BFE4E00F3D055 /* Info.plist */ = {isa = PBXFileReference; lastKnownFileType = text.plist.xml; path = Info.plist; sourceTree = "<group>"; };
		075EB697232BFE8D00F3D055 /* Peliculas.swift */ = {isa = PBXFileReference; fileEncoding = 4; lastKnownFileType = sourcecode.swift; path = Peliculas.swift; sourceTree = "<group>"; };
		075EB698232BFE8D00F3D055 /* PelsCollectionViewCell.swift */ = {isa = PBXFileReference; fileEncoding = 4; lastKnownFileType = sourcecode.swift; path = PelsCollectionViewCell.swift; sourceTree = "<group>"; };
		075EB69D232C047200F3D055 /* SecondViewController.swift */ = {isa = PBXFileReference; lastKnownFileType = sourcecode.swift; path = SecondViewController.swift; sourceTree = "<group>"; };
		075EB69F232C133700F3D055 /* ThirdViewController.swift */ = {isa = PBXFileReference; lastKnownFileType = sourcecode.swift; path = ThirdViewController.swift; sourceTree = "<group>"; };
		075EB6A1232C135200F3D055 /* HorarioTableViewCell.swift */ = {isa = PBXFileReference; lastKnownFileType = sourcecode.swift; path = HorarioTableViewCell.swift; sourceTree = "<group>"; };
		075EB6A3232C1A9F00F3D055 /* FourthViewController.swift */ = {isa = PBXFileReference; lastKnownFileType = sourcecode.swift; path = FourthViewController.swift; sourceTree = "<group>"; };
		077F4A73233DA53400680445 /* CartViewController.swift */ = {isa = PBXFileReference; lastKnownFileType = sourcecode.swift; path = CartViewController.swift; sourceTree = "<group>"; };
		077F4A75233DA82900680445 /* BoletosComprados.swift */ = {isa = PBXFileReference; lastKnownFileType = sourcecode.swift; path = BoletosComprados.swift; sourceTree = "<group>"; };
		077F4A77233DAFA800680445 /* CartTableViewCell.swift */ = {isa = PBXFileReference; lastKnownFileType = sourcecode.swift; path = CartTableViewCell.swift; sourceTree = "<group>"; };
		077F4A79233DE2EC00680445 /* ShoppingCart.swift */ = {isa = PBXFileReference; lastKnownFileType = sourcecode.swift; path = ShoppingCart.swift; sourceTree = "<group>"; };
		07950BA02334A6D600F30BB8 /* Funciones.swift */ = {isa = PBXFileReference; lastKnownFileType = sourcecode.swift; path = Funciones.swift; sourceTree = "<group>"; };
		BCD937792332CA1E0032C53D /* ViewController.swift */ = {isa = PBXFileReference; lastKnownFileType = sourcecode.swift; path = ViewController.swift; sourceTree = "<group>"; };
/* End PBXFileReference section */

/* Begin PBXFrameworksBuildPhase section */
		075EB67F232BFE4D00F3D055 /* Frameworks */ = {
			isa = PBXFrameworksBuildPhase;
			buildActionMask = 2147483647;
			files = (
			);
			runOnlyForDeploymentPostprocessing = 0;
		};
/* End PBXFrameworksBuildPhase section */

/* Begin PBXGroup section */
		075EB679232BFE4D00F3D055 = {
			isa = PBXGroup;
			children = (
				075EB684232BFE4D00F3D055 /* Cartelera */,
				075EB683232BFE4D00F3D055 /* Products */,
			);
			sourceTree = "<group>";
		};
		075EB683232BFE4D00F3D055 /* Products */ = {
			isa = PBXGroup;
			children = (
				075EB682232BFE4D00F3D055 /* Cartelera.app */,
			);
			name = Products;
			sourceTree = "<group>";
		};
		075EB684232BFE4D00F3D055 /* Cartelera */ = {
			isa = PBXGroup;
			children = (
				07B15CB2234421D60038A6FD /* Classes */,
				07B15CB12344216A0038A6FD /* ViewClasses */,
				07B15CB02344212E0038A6FD /* ViewControllers */,
				075EB685232BFE4D00F3D055 /* AppDelegate.swift */,
				075EB689232BFE4D00F3D055 /* Main.storyboard */,
				075EB68C232BFE4E00F3D055 /* Assets.xcassets */,
				075EB68E232BFE4E00F3D055 /* LaunchScreen.storyboard */,
				075EB691232BFE4E00F3D055 /* Info.plist */,
			);
			path = Cartelera;
			sourceTree = "<group>";
		};
		07B15CB02344212E0038A6FD /* ViewControllers */ = {
			isa = PBXGroup;
			children = (
				075EB69D232C047200F3D055 /* SecondViewController.swift */,
				075EB69F232C133700F3D055 /* ThirdViewController.swift */,
				075EB6A3232C1A9F00F3D055 /* FourthViewController.swift */,
				BCD937792332CA1E0032C53D /* ViewController.swift */,
				077F4A73233DA53400680445 /* CartViewController.swift */,
				073C03FA233ECD8000E367BD /* PaymentsViewController.swift */,
			);
			path = ViewControllers;
			sourceTree = "<group>";
		};
		07B15CB12344216A0038A6FD /* ViewClasses */ = {
			isa = PBXGroup;
			children = (
				075EB698232BFE8D00F3D055 /* PelsCollectionViewCell.swift */,
				075EB6A1232C135200F3D055 /* HorarioTableViewCell.swift */,
				077F4A77233DAFA800680445 /* CartTableViewCell.swift */,
				073C03FC233ED0A700E367BD /* PaymentsTableViewCell.swift */,
			);
			path = ViewClasses;
			sourceTree = "<group>";
		};
		07B15CB2234421D60038A6FD /* Classes */ = {
			isa = PBXGroup;
			children = (
				075EB697232BFE8D00F3D055 /* Peliculas.swift */,
				07950BA02334A6D600F30BB8 /* Funciones.swift */,
				077F4A75233DA82900680445 /* BoletosComprados.swift */,
				077F4A79233DE2EC00680445 /* ShoppingCart.swift */,
			);
			path = Classes;
			sourceTree = "<group>";
		};
/* End PBXGroup section */

/* Begin PBXNativeTarget section */
		075EB681232BFE4D00F3D055 /* Cartelera */ = {
			isa = PBXNativeTarget;
			buildConfigurationList = 075EB694232BFE4E00F3D055 /* Build configuration list for PBXNativeTarget "Cartelera" */;
			buildPhases = (
				075EB67E232BFE4D00F3D055 /* Sources */,
				075EB67F232BFE4D00F3D055 /* Frameworks */,
				075EB680232BFE4D00F3D055 /* Resources */,
			);
			buildRules = (
			);
			dependencies = (
			);
			name = Cartelera;
			productName = Cartelera;
			productReference = 075EB682232BFE4D00F3D055 /* Cartelera.app */;
			productType = "com.apple.product-type.application";
		};
/* End PBXNativeTarget section */

/* Begin PBXProject section */
		075EB67A232BFE4D00F3D055 /* Project object */ = {
			isa = PBXProject;
			attributes = {
				LastSwiftUpdateCheck = 1030;
				LastUpgradeCheck = 1030;
				ORGANIZATIONNAME = "Omar Rios";
				TargetAttributes = {
					075EB681232BFE4D00F3D055 = {
						CreatedOnToolsVersion = 10.3;
					};
				};
			};
			buildConfigurationList = 075EB67D232BFE4D00F3D055 /* Build configuration list for PBXProject "Cartelera" */;
			compatibilityVersion = "Xcode 9.3";
			developmentRegion = en;
			hasScannedForEncodings = 0;
			knownRegions = (
				en,
				Base,
			);
			mainGroup = 075EB679232BFE4D00F3D055;
			productRefGroup = 075EB683232BFE4D00F3D055 /* Products */;
			projectDirPath = "";
			projectRoot = "";
			targets = (
				075EB681232BFE4D00F3D055 /* Cartelera */,
			);
		};
/* End PBXProject section */

/* Begin PBXResourcesBuildPhase section */
		075EB680232BFE4D00F3D055 /* Resources */ = {
			isa = PBXResourcesBuildPhase;
			buildActionMask = 2147483647;
			files = (
				075EB690232BFE4E00F3D055 /* LaunchScreen.storyboard in Resources */,
				075EB68D232BFE4E00F3D055 /* Assets.xcassets in Resources */,
				075EB68B232BFE4D00F3D055 /* Main.storyboard in Resources */,
			);
			runOnlyForDeploymentPostprocessing = 0;
		};
/* End PBXResourcesBuildPhase section */

/* Begin PBXSourcesBuildPhase section */
		075EB67E232BFE4D00F3D055 /* Sources */ = {
			isa = PBXSourcesBuildPhase;
			buildActionMask = 2147483647;
			files = (
				075EB6A2232C135200F3D055 /* HorarioTableViewCell.swift in Sources */,
				073C03FB233ECD8000E367BD /* PaymentsViewController.swift in Sources */,
				07950BA12334A6D600F30BB8 /* Funciones.swift in Sources */,
				077F4A74233DA53400680445 /* CartViewController.swift in Sources */,
				077F4A78233DAFA800680445 /* CartTableViewCell.swift in Sources */,
				075EB69A232BFE8D00F3D055 /* Peliculas.swift in Sources */,
				075EB69B232BFE8D00F3D055 /* PelsCollectionViewCell.swift in Sources */,
				075EB6A4232C1A9F00F3D055 /* FourthViewController.swift in Sources */,
				075EB69E232C047200F3D055 /* SecondViewController.swift in Sources */,
				073C03FD233ED0A700E367BD /* PaymentsTableViewCell.swift in Sources */,
				075EB6A0232C133700F3D055 /* ThirdViewController.swift in Sources */,
				BCD9377A2332CA1E0032C53D /* ViewController.swift in Sources */,
				077F4A7A233DE2EC00680445 /* ShoppingCart.swift in Sources */,
				075EB686232BFE4D00F3D055 /* AppDelegate.swift in Sources */,
				077F4A76233DA82900680445 /* BoletosComprados.swift in Sources */,
			);
			runOnlyForDeploymentPostprocessing = 0;
		};
/* End PBXSourcesBuildPhase section */

/* Begin PBXVariantGroup section */
		075EB689232BFE4D00F3D055 /* Main.storyboard */ = {
			isa = PBXVariantGroup;
			children = (
				075EB68A232BFE4D00F3D055 /* Base */,
			);
			name = Main.storyboard;
			sourceTree = "<group>";
		};
		075EB68E232BFE4E00F3D055 /* LaunchScreen.storyboard */ = {
			isa = PBXVariantGroup;
			children = (
				075EB68F232BFE4E00F3D055 /* Base */,
			);
			name = LaunchScreen.storyboard;
			sourceTree = "<group>";
		};
/* End PBXVariantGroup section */

/* Begin XCBuildConfiguration section */
		075EB692232BFE4E00F3D055 /* Debug */ = {
			isa = XCBuildConfiguration;
			buildSettings = {
				ALWAYS_SEARCH_USER_PATHS = NO;
				CLANG_ANALYZER_NONNULL = YES;
				CLANG_ANALYZER_NUMBER_OBJECT_CONVERSION = YES_AGGRESSIVE;
				CLANG_CXX_LANGUAGE_STANDARD = "gnu++14";
				CLANG_CXX_LIBRARY = "libc++";
				CLANG_ENABLE_MODULES = YES;
				CLANG_ENABLE_OBJC_ARC = YES;
				CLANG_ENABLE_OBJC_WEAK = YES;
				CLANG_WARN_BLOCK_CAPTURE_AUTORELEASING = YES;
				CLANG_WARN_BOOL_CONVERSION = YES;
				CLANG_WARN_COMMA = YES;
				CLANG_WARN_CONSTANT_CONVERSION = YES;
				CLANG_WARN_DEPRECATED_OBJC_IMPLEMENTATIONS = YES;
				CLANG_WARN_DIRECT_OBJC_ISA_USAGE = YES_ERROR;
				CLANG_WARN_DOCUMENTATION_COMMENTS = YES;
				CLANG_WARN_EMPTY_BODY = YES;
				CLANG_WARN_ENUM_CONVERSION = YES;
				CLANG_WARN_INFINITE_RECURSION = YES;
				CLANG_WARN_INT_CONVERSION = YES;
				CLANG_WARN_NON_LITERAL_NULL_CONVERSION = YES;
				CLANG_WARN_OBJC_IMPLICIT_RETAIN_SELF = YES;
				CLANG_WARN_OBJC_LITERAL_CONVERSION = YES;
				CLANG_WARN_OBJC_ROOT_CLASS = YES_ERROR;
				CLANG_WARN_RANGE_LOOP_ANALYSIS = YES;
				CLANG_WARN_STRICT_PROTOTYPES = YES;
				CLANG_WARN_SUSPICIOUS_MOVE = YES;
				CLANG_WARN_UNGUARDED_AVAILABILITY = YES_AGGRESSIVE;
				CLANG_WARN_UNREACHABLE_CODE = YES;
				CLANG_WARN__DUPLICATE_METHOD_MATCH = YES;
				CODE_SIGN_IDENTITY = "iPhone Developer";
				COPY_PHASE_STRIP = NO;
				DEBUG_INFORMATION_FORMAT = dwarf;
				ENABLE_STRICT_OBJC_MSGSEND = YES;
				ENABLE_TESTABILITY = YES;
				GCC_C_LANGUAGE_STANDARD = gnu11;
				GCC_DYNAMIC_NO_PIC = NO;
				GCC_NO_COMMON_BLOCKS = YES;
				GCC_OPTIMIZATION_LEVEL = 0;
				GCC_PREPROCESSOR_DEFINITIONS = (
					"DEBUG=1",
					"$(inherited)",
				);
				GCC_WARN_64_TO_32_BIT_CONVERSION = YES;
				GCC_WARN_ABOUT_RETURN_TYPE = YES_ERROR;
				GCC_WARN_UNDECLARED_SELECTOR = YES;
				GCC_WARN_UNINITIALIZED_AUTOS = YES_AGGRESSIVE;
				GCC_WARN_UNUSED_FUNCTION = YES;
				GCC_WARN_UNUSED_VARIABLE = YES;
				IPHONEOS_DEPLOYMENT_TARGET = 12.4;
				MTL_ENABLE_DEBUG_INFO = INCLUDE_SOURCE;
				MTL_FAST_MATH = YES;
				ONLY_ACTIVE_ARCH = YES;
				SDKROOT = iphoneos;
				SWIFT_ACTIVE_COMPILATION_CONDITIONS = DEBUG;
				SWIFT_OPTIMIZATION_LEVEL = "-Onone";
			};
			name = Debug;
		};
		075EB693232BFE4E00F3D055 /* Release */ = {
			isa = XCBuildConfiguration;
			buildSettings = {
				ALWAYS_SEARCH_USER_PATHS = NO;
				CLANG_ANALYZER_NONNULL = YES;
				CLANG_ANALYZER_NUMBER_OBJECT_CONVERSION = YES_AGGRESSIVE;
				CLANG_CXX_LANGUAGE_STANDARD = "gnu++14";
				CLANG_CXX_LIBRARY = "libc++";
				CLANG_ENABLE_MODULES = YES;
				CLANG_ENABLE_OBJC_ARC = YES;
				CLANG_ENABLE_OBJC_WEAK = YES;
				CLANG_WARN_BLOCK_CAPTURE_AUTORELEASING = YES;
				CLANG_WARN_BOOL_CONVERSION = YES;
				CLANG_WARN_COMMA = YES;
				CLANG_WARN_CONSTANT_CONVERSION = YES;
				CLANG_WARN_DEPRECATED_OBJC_IMPLEMENTATIONS = YES;
				CLANG_WARN_DIRECT_OBJC_ISA_USAGE = YES_ERROR;
				CLANG_WARN_DOCUMENTATION_COMMENTS = YES;
				CLANG_WARN_EMPTY_BODY = YES;
				CLANG_WARN_ENUM_CONVERSION = YES;
				CLANG_WARN_INFINITE_RECURSION = YES;
				CLANG_WARN_INT_CONVERSION = YES;
				CLANG_WARN_NON_LITERAL_NULL_CONVERSION = YES;
				CLANG_WARN_OBJC_IMPLICIT_RETAIN_SELF = YES;
				CLANG_WARN_OBJC_LITERAL_CONVERSION = YES;
				CLANG_WARN_OBJC_ROOT_CLASS = YES_ERROR;
				CLANG_WARN_RANGE_LOOP_ANALYSIS = YES;
				CLANG_WARN_STRICT_PROTOTYPES = YES;
				CLANG_WARN_SUSPICIOUS_MOVE = YES;
				CLANG_WARN_UNGUARDED_AVAILABILITY = YES_AGGRESSIVE;
				CLANG_WARN_UNREACHABLE_CODE = YES;
				CLANG_WARN__DUPLICATE_METHOD_MATCH = YES;
				CODE_SIGN_IDENTITY = "iPhone Developer";
				COPY_PHASE_STRIP = NO;
				DEBUG_INFORMATION_FORMAT = "dwarf-with-dsym";
				ENABLE_NS_ASSERTIONS = NO;
				ENABLE_STRICT_OBJC_MSGSEND = YES;
				GCC_C_LANGUAGE_STANDARD = gnu11;
				GCC_NO_COMMON_BLOCKS = YES;
				GCC_WARN_64_TO_32_BIT_CONVERSION = YES;
				GCC_WARN_ABOUT_RETURN_TYPE = YES_ERROR;
				GCC_WARN_UNDECLARED_SELECTOR = YES;
				GCC_WARN_UNINITIALIZED_AUTOS = YES_AGGRESSIVE;
				GCC_WARN_UNUSED_FUNCTION = YES;
				GCC_WARN_UNUSED_VARIABLE = YES;
				IPHONEOS_DEPLOYMENT_TARGET = 12.4;
				MTL_ENABLE_DEBUG_INFO = NO;
				MTL_FAST_MATH = YES;
				SDKROOT = iphoneos;
				SWIFT_COMPILATION_MODE = wholemodule;
				SWIFT_OPTIMIZATION_LEVEL = "-O";
				VALIDATE_PRODUCT = YES;
			};
			name = Release;
		};
		075EB695232BFE4E00F3D055 /* Debug */ = {
			isa = XCBuildConfiguration;
			buildSettings = {
				ASSETCATALOG_COMPILER_APPICON_NAME = AppIcon;
				CODE_SIGN_STYLE = Automatic;
				DEVELOPMENT_TEAM = FTS884Q936;
				INFOPLIST_FILE = Cartelera/Info.plist;
				LD_RUNPATH_SEARCH_PATHS = (
					"$(inherited)",
					"@executable_path/Frameworks",
				);
				PRODUCT_BUNDLE_IDENTIFIER = com.FI.Cartelera;
				PRODUCT_NAME = "$(TARGET_NAME)";
				SWIFT_VERSION = 5.0;
				TARGETED_DEVICE_FAMILY = "1,2";
			};
			name = Debug;
		};
		075EB696232BFE4E00F3D055 /* Release */ = {
			isa = XCBuildConfiguration;
			buildSettings = {
				ASSETCATALOG_COMPILER_APPICON_NAME = AppIcon;
				CODE_SIGN_STYLE = Automatic;
				DEVELOPMENT_TEAM = FTS884Q936;
				INFOPLIST_FILE = Cartelera/Info.plist;
				LD_RUNPATH_SEARCH_PATHS = (
					"$(inherited)",
					"@executable_path/Frameworks",
				);
				PRODUCT_BUNDLE_IDENTIFIER = com.FI.Cartelera;
				PRODUCT_NAME = "$(TARGET_NAME)";
				SWIFT_VERSION = 5.0;
				TARGETED_DEVICE_FAMILY = "1,2";
			};
			name = Release;
		};
/* End XCBuildConfiguration section */

/* Begin XCConfigurationList section */
		075EB67D232BFE4D00F3D055 /* Build configuration list for PBXProject "Cartelera" */ = {
			isa = XCConfigurationList;
			buildConfigurations = (
				075EB692232BFE4E00F3D055 /* Debug */,
				075EB693232BFE4E00F3D055 /* Release */,
			);
			defaultConfigurationIsVisible = 0;
			defaultConfigurationName = Release;
		};
		075EB694232BFE4E00F3D055 /* Build configuration list for PBXNativeTarget "Cartelera" */ = {
			isa = XCConfigurationList;
			buildConfigurations = (
				075EB695232BFE4E00F3D055 /* Debug */,
				075EB696232BFE4E00F3D055 /* Release */,
			);
			defaultConfigurationIsVisible = 0;
			defaultConfigurationName = Release;
		};
/* End XCConfigurationList section */
	};
	rootObject = 075EB67A232BFE4D00F3D055 /* Project object */;
}
